{
  "version": "2",
  "remote": {
    "https://deno.land/std@0.136.0/_util/assert.ts": "e94f2eb37cebd7f199952e242c77654e43333c1ac4c5c700e929ea3aa5489f74",
    "https://deno.land/std@0.136.0/_util/os.ts": "49b92edea1e82ba295ec946de8ffd956ed123e2948d9bd1d3e901b04e4307617",
    "https://deno.land/std@0.136.0/flags/mod.ts": "9bd361fd5487f5e06cae4e0b5237a83c2908202f4a76944ba1312029f6c11b95",
    "https://deno.land/std@0.136.0/path/_constants.ts": "df1db3ffa6dd6d1252cc9617e5d72165cd2483df90e93833e13580687b6083c3",
    "https://deno.land/std@0.136.0/path/_interface.ts": "ee3b431a336b80cf445441109d089b70d87d5e248f4f90ff906820889ecf8d09",
    "https://deno.land/std@0.136.0/path/_util.ts": "c1e9686d0164e29f7d880b2158971d805b6e0efc3110d0b3e24e4b8af2190d2b",
    "https://deno.land/std@0.136.0/path/common.ts": "bee563630abd2d97f99d83c96c2fa0cca7cee103e8cb4e7699ec4d5db7bd2633",
    "https://deno.land/std@0.136.0/path/glob.ts": "cb5255638de1048973c3e69e420c77dc04f75755524cb3b2e160fe9277d939ee",
    "https://deno.land/std@0.136.0/path/mod.ts": "4275129bb766f0e475ecc5246aa35689eeade419d72a48355203f31802640be7",
    "https://deno.land/std@0.136.0/path/posix.ts": "293cdaec3ecccec0a9cc2b534302dfe308adb6f10861fa183275d6695faace44",
    "https://deno.land/std@0.136.0/path/separator.ts": "fe1816cb765a8068afb3e8f13ad272351c85cbc739af56dacfc7d93d710fe0f9",
    "https://deno.land/std@0.136.0/path/win32.ts": "31811536855e19ba37a999cd8d1b62078235548d67902ece4aa6b814596dd757",
    "https://deno.land/std@0.171.0/fmt/colors.ts": "938c5d44d889fb82eff6c358bea8baa7e85950a16c9f6dae3ec3a7a729164471",
    "https://deno.land/std@0.171.0/testing/_diff.ts": "1a3c044aedf77647d6cac86b798c6417603361b66b54c53331b312caeb447aea",
    "https://deno.land/std@0.171.0/testing/_format.ts": "a69126e8a469009adf4cf2a50af889aca364c349797e63174884a52ff75cf4c7",
    "https://deno.land/std@0.171.0/testing/asserts.ts": "984ab0bfb3faeed92ffaa3a6b06536c66811185328c5dd146257c702c41b01ab",
    "https://deno.land/std@0.172.0/_util/asserts.ts": "178dfc49a464aee693a7e285567b3d0b555dc805ff490505a8aae34f9cfb1462",
    "https://deno.land/std@0.172.0/_util/os.ts": "d932f56d41e4f6a6093d56044e29ce637f8dcc43c5a90af43504a889cf1775e3",
    "https://deno.land/std@0.172.0/path/_constants.ts": "e49961f6f4f48039c0dfed3c3f93e963ca3d92791c9d478ac5b43183413136e0",
    "https://deno.land/std@0.172.0/path/_interface.ts": "6471159dfbbc357e03882c2266d21ef9afdb1e4aa771b0545e90db58a0ba314b",
    "https://deno.land/std@0.172.0/path/_util.ts": "86c2375a996c1931b2f2ac71fefd5ddf0cf0e579fa4ab12d3e4c552d4223b8d8",
    "https://deno.land/std@0.172.0/path/common.ts": "ee7505ab01fd22de3963b64e46cff31f40de34f9f8de1fff6a1bd2fe79380000",
    "https://deno.land/std@0.172.0/path/glob.ts": "d479e0a695621c94d3fd7fe7abd4f9499caf32a8de13f25073451c6ef420a4e1",
    "https://deno.land/std@0.172.0/path/mod.ts": "4b83694ac500d7d31b0cdafc927080a53dc0c3027eb2895790fb155082b0d232",
    "https://deno.land/std@0.172.0/path/posix.ts": "0874b341c2c6968ca38d323338b8b295ea1dae10fa872a768d812e2e7d634789",
    "https://deno.land/std@0.172.0/path/separator.ts": "0fb679739d0d1d7bf45b68dacfb4ec7563597a902edbaf3c59b50d5bcadd93b1",
    "https://deno.land/std@0.172.0/path/win32.ts": "672942919dd66ce1b8c224e77d3447e2ad8254eaff13fe6946420a9f78fa141e",
    "https://deno.land/std@0.177.0/_util/asserts.ts": "178dfc49a464aee693a7e285567b3d0b555dc805ff490505a8aae34f9cfb1462",
    "https://deno.land/std@0.177.0/_util/os.ts": "d932f56d41e4f6a6093d56044e29ce637f8dcc43c5a90af43504a889cf1775e3",
    "https://deno.land/std@0.177.0/fs/_util.ts": "65381f341af1ff7f40198cee15c20f59951ac26e51ddc651c5293e24f9ce6f32",
    "https://deno.land/std@0.177.0/fs/copy.ts": "14214efd94fc3aa6db1e4af2b4b9578e50f7362b7f3725d5a14ad259a5df26c8",
    "https://deno.land/std@0.177.0/fs/empty_dir.ts": "c3d2da4c7352fab1cf144a1ecfef58090769e8af633678e0f3fabaef98594688",
    "https://deno.land/std@0.177.0/fs/ensure_dir.ts": "724209875497a6b4628dfb256116e5651c4f7816741368d6c44aab2531a1e603",
    "https://deno.land/std@0.177.0/fs/ensure_file.ts": "c38602670bfaf259d86ca824a94e6cb9e5eb73757fefa4ebf43a90dd017d53d9",
    "https://deno.land/std@0.177.0/fs/ensure_link.ts": "c0f5b2f0ec094ed52b9128eccb1ee23362a617457aa0f699b145d4883f5b2fb4",
    "https://deno.land/std@0.177.0/fs/ensure_symlink.ts": "2955cc8332aeca9bdfefd05d8d3976b94e282b0f353392a71684808ed2ffdd41",
    "https://deno.land/std@0.177.0/fs/eol.ts": "f1f2eb348a750c34500741987b21d65607f352cf7205f48f4319d417fff42842",
    "https://deno.land/std@0.177.0/fs/exists.ts": "b8c8a457b71e9d7f29b9d2f87aad8dba2739cbe637e8926d6ba6e92567875f8e",
    "https://deno.land/std@0.177.0/fs/expand_glob.ts": "45d17e89796a24bd6002e4354eda67b4301bb8ba67d2cac8453cdabccf1d9ab0",
    "https://deno.land/std@0.177.0/fs/mod.ts": "bc3d0acd488cc7b42627044caf47d72019846d459279544e1934418955ba4898",
    "https://deno.land/std@0.177.0/fs/move.ts": "4cb47f880e3f0582c55e71c9f8b1e5e8cfaacb5e84f7390781dd563b7298ec19",
    "https://deno.land/std@0.177.0/fs/walk.ts": "ea95ffa6500c1eda6b365be488c056edc7c883a1db41ef46ec3bf057b1c0fe32",
    "https://deno.land/std@0.177.0/path/_constants.ts": "e49961f6f4f48039c0dfed3c3f93e963ca3d92791c9d478ac5b43183413136e0",
    "https://deno.land/std@0.177.0/path/_interface.ts": "6471159dfbbc357e03882c2266d21ef9afdb1e4aa771b0545e90db58a0ba314b",
    "https://deno.land/std@0.177.0/path/_util.ts": "d7abb1e0dea065f427b89156e28cdeb32b045870acdf865833ba808a73b576d0",
    "https://deno.land/std@0.177.0/path/common.ts": "ee7505ab01fd22de3963b64e46cff31f40de34f9f8de1fff6a1bd2fe79380000",
    "https://deno.land/std@0.177.0/path/glob.ts": "d479e0a695621c94d3fd7fe7abd4f9499caf32a8de13f25073451c6ef420a4e1",
    "https://deno.land/std@0.177.0/path/mod.ts": "4b83694ac500d7d31b0cdafc927080a53dc0c3027eb2895790fb155082b0d232",
    "https://deno.land/std@0.177.0/path/posix.ts": "8b7c67ac338714b30c816079303d0285dd24af6b284f7ad63da5b27372a2c94d",
    "https://deno.land/std@0.177.0/path/separator.ts": "0fb679739d0d1d7bf45b68dacfb4ec7563597a902edbaf3c59b50d5bcadd93b1",
    "https://deno.land/std@0.177.0/path/win32.ts": "d186344e5583bcbf8b18af416d13d82b35a317116e6460a5a3953508c3de5bba",
    "https://deno.land/std@0.179.0/_util/asserts.ts": "178dfc49a464aee693a7e285567b3d0b555dc805ff490505a8aae34f9cfb1462",
    "https://deno.land/std@0.179.0/_util/os.ts": "d932f56d41e4f6a6093d56044e29ce637f8dcc43c5a90af43504a889cf1775e3",
    "https://deno.land/std@0.179.0/fmt/colors.ts": "938c5d44d889fb82eff6c358bea8baa7e85950a16c9f6dae3ec3a7a729164471",
    "https://deno.land/std@0.179.0/fs/_util.ts": "65381f341af1ff7f40198cee15c20f59951ac26e51ddc651c5293e24f9ce6f32",
    "https://deno.land/std@0.179.0/fs/copy.ts": "14214efd94fc3aa6db1e4af2b4b9578e50f7362b7f3725d5a14ad259a5df26c8",
    "https://deno.land/std@0.179.0/fs/empty_dir.ts": "c3d2da4c7352fab1cf144a1ecfef58090769e8af633678e0f3fabaef98594688",
    "https://deno.land/std@0.179.0/fs/ensure_dir.ts": "dc64c4c75c64721d4e3fb681f1382f803ff3d2868f08563ff923fdd20d071c40",
    "https://deno.land/std@0.179.0/fs/ensure_file.ts": "c38602670bfaf259d86ca824a94e6cb9e5eb73757fefa4ebf43a90dd017d53d9",
    "https://deno.land/std@0.179.0/fs/ensure_link.ts": "c0f5b2f0ec094ed52b9128eccb1ee23362a617457aa0f699b145d4883f5b2fb4",
    "https://deno.land/std@0.179.0/fs/ensure_symlink.ts": "5006ab2f458159c56d689b53b1e48d57e05eeb1eaf64e677f7f76a30bc4fdba1",
    "https://deno.land/std@0.179.0/fs/eol.ts": "f1f2eb348a750c34500741987b21d65607f352cf7205f48f4319d417fff42842",
    "https://deno.land/std@0.179.0/fs/exists.ts": "b8c8a457b71e9d7f29b9d2f87aad8dba2739cbe637e8926d6ba6e92567875f8e",
    "https://deno.land/std@0.179.0/fs/expand_glob.ts": "e4f56259a0a70fe23f05215b00de3ac5e6ba46646ab2a06ebbe9b010f81c972a",
    "https://deno.land/std@0.179.0/fs/mod.ts": "bc3d0acd488cc7b42627044caf47d72019846d459279544e1934418955ba4898",
    "https://deno.land/std@0.179.0/fs/move.ts": "4cb47f880e3f0582c55e71c9f8b1e5e8cfaacb5e84f7390781dd563b7298ec19",
    "https://deno.land/std@0.179.0/fs/walk.ts": "ea95ffa6500c1eda6b365be488c056edc7c883a1db41ef46ec3bf057b1c0fe32",
    "https://deno.land/std@0.179.0/path/_constants.ts": "e49961f6f4f48039c0dfed3c3f93e963ca3d92791c9d478ac5b43183413136e0",
    "https://deno.land/std@0.179.0/path/_interface.ts": "6471159dfbbc357e03882c2266d21ef9afdb1e4aa771b0545e90db58a0ba314b",
    "https://deno.land/std@0.179.0/path/_util.ts": "d7abb1e0dea065f427b89156e28cdeb32b045870acdf865833ba808a73b576d0",
    "https://deno.land/std@0.179.0/path/common.ts": "ee7505ab01fd22de3963b64e46cff31f40de34f9f8de1fff6a1bd2fe79380000",
    "https://deno.land/std@0.179.0/path/glob.ts": "d479e0a695621c94d3fd7fe7abd4f9499caf32a8de13f25073451c6ef420a4e1",
    "https://deno.land/std@0.179.0/path/mod.ts": "4b83694ac500d7d31b0cdafc927080a53dc0c3027eb2895790fb155082b0d232",
    "https://deno.land/std@0.179.0/path/posix.ts": "8b7c67ac338714b30c816079303d0285dd24af6b284f7ad63da5b27372a2c94d",
    "https://deno.land/std@0.179.0/path/separator.ts": "0fb679739d0d1d7bf45b68dacfb4ec7563597a902edbaf3c59b50d5bcadd93b1",
    "https://deno.land/std@0.179.0/path/win32.ts": "d186344e5583bcbf8b18af416d13d82b35a317116e6460a5a3953508c3de5bba",
    "https://deno.land/std@0.179.0/testing/_diff.ts": "1a3c044aedf77647d6cac86b798c6417603361b66b54c53331b312caeb447aea",
    "https://deno.land/std@0.179.0/testing/_format.ts": "a69126e8a469009adf4cf2a50af889aca364c349797e63174884a52ff75cf4c7",
    "https://deno.land/std@0.179.0/testing/asserts.ts": "984ab0bfb3faeed92ffaa3a6b06536c66811185328c5dd146257c702c41b01ab",
    "https://deno.land/std@0.52.0/encoding/hex.ts": "fa2206fb59cd5098dacaa82f72d1400d763d1497be7e6d5bed3ef964e03961e1",
    "https://denopkg.com/chiefbiiko/base64@master/base.ts": "47dc8d68f07dc91524bdd6db36eccbe59cf4d935b5fc09f27357a3944bb3ff7b",
    "https://denopkg.com/chiefbiiko/base64@master/mod.ts": "1cbdc4ba7229d3c6d1763fecdb9d46844777c7e153abb6dabea8b0dd01448db4",
    "https://raw.githubusercontent.com/aricart/tweetnacl-deno/import-type-fixes/src/array.ts": "75e04b24ab9a0e39b8c23e5000790e41d717c8ad4d6092db20afe2f3c4d58a5b",
    "https://raw.githubusercontent.com/aricart/tweetnacl-deno/import-type-fixes/src/auth.ts": "bf0fad68b077d3c5b5bcc7a62a5e6db6da3de224299782e00d0de7edfb78e06b",
    "https://raw.githubusercontent.com/aricart/tweetnacl-deno/import-type-fixes/src/blake2b.ts": "45ff13e1e1c0e7c216f99406280ff05152c481978ae4a2cc662846e2d9a670fe",
    "https://raw.githubusercontent.com/aricart/tweetnacl-deno/import-type-fixes/src/blake2s.ts": "335f4a064bf93b4e17e6f275e9d4c46250251b0c0bd20ebdeacf5186decb8eea",
    "https://raw.githubusercontent.com/aricart/tweetnacl-deno/import-type-fixes/src/box.ts": "3cbcb4bb73f48576b2b98ea802390f7cc1236b828160912349fde5cdbea9c54d",
    "https://raw.githubusercontent.com/aricart/tweetnacl-deno/import-type-fixes/src/check.ts": "fb8931d170bbb0b04d995ff4335537c6af707248a113386df8a61c41b8269dea",
    "https://raw.githubusercontent.com/aricart/tweetnacl-deno/import-type-fixes/src/convert.ts": "9cce4ee9b513bf9798cf117c547d185db07469367ac881c59a1c08db2fce328c",
    "https://raw.githubusercontent.com/aricart/tweetnacl-deno/import-type-fixes/src/core.ts": "3ba6ee173596d91c73018c5f7af86ec46556843b415be9e616a0410304ccfa90",
    "https://raw.githubusercontent.com/aricart/tweetnacl-deno/import-type-fixes/src/curve25519.ts": "f17d0babe526086d9bc997ffff9837c3b1b7e92a3f85f125dfee54fde7851407",
    "https://raw.githubusercontent.com/aricart/tweetnacl-deno/import-type-fixes/src/hash.ts": "b1c350f4d1004dc9d14ddccfbb0a6f7772b00ba9cda845574e7feb34af88637e",
    "https://raw.githubusercontent.com/aricart/tweetnacl-deno/import-type-fixes/src/nacl.ts": "1adba6a478242f886cc88455ce8145619a2a313ddf3b09dddaab2147a71eba6f",
    "https://raw.githubusercontent.com/aricart/tweetnacl-deno/import-type-fixes/src/poly1305.ts": "a8840ecdd88b041102f63d29594e7bbd6eda00292aa494c1b64c6eea4212cc5a",
    "https://raw.githubusercontent.com/aricart/tweetnacl-deno/import-type-fixes/src/random.ts": "cd9921134748ed502d2801b9b99de7d25daeb52354857491f306b15d847907a4",
    "https://raw.githubusercontent.com/aricart/tweetnacl-deno/import-type-fixes/src/salsa20.ts": "b04841a2b530fab2e089cdd4cee1a488aae4428d2421cf047440e2f0eb8c4d02",
    "https://raw.githubusercontent.com/aricart/tweetnacl-deno/import-type-fixes/src/scalarmult.ts": "b3e00621c3e0caf0ab8ed3ebf9bb32f4f3b1390b468756e5442a657f042c8973",
    "https://raw.githubusercontent.com/aricart/tweetnacl-deno/import-type-fixes/src/sealedbox.ts": "603178cc973d221b2db150b7ecf700a4c29b80c563758e06aef974254a359549",
    "https://raw.githubusercontent.com/aricart/tweetnacl-deno/import-type-fixes/src/secretbox.ts": "205cd20f7d708aa87062f5bc75b1dad2d0ae7ec845ed7c81ec8fbddeb102dab6",
    "https://raw.githubusercontent.com/aricart/tweetnacl-deno/import-type-fixes/src/server/convert.ts": "49ca22364929fb2bf42a7f92e4c89e1500bfbb8774546bed8aeb9c81272691e0",
    "https://raw.githubusercontent.com/aricart/tweetnacl-deno/import-type-fixes/src/sign.ts": "ebdeff1bc70e6901e24d4d7515f6a83d9967117b1ccf974b7a2ac3b7fa40bedb",
    "https://raw.githubusercontent.com/aricart/tweetnacl-deno/import-type-fixes/src/validate.ts": "d6bbe3f39277aa52b680377d01557fded1b9aa7279c1713f40f04bad49306767",
    "https://raw.githubusercontent.com/aricart/tweetnacl-deno/import-type-fixes/src/verify.ts": "4dab66b8d76446cd2f4b03096b8308cc434e19bcb0ce17791dea15b742090fb3",
    "https://raw.githubusercontent.com/nats-io/nats.deno/main/nats-base-client/nuid.ts": "f9b0a944338f6b5cf44dd652d22016acdc59ab6fbdaef6cdffa4bae633f2e0f5",
    "https://raw.githubusercontent.com/nats-io/nats.deno/v1.7.0-rc/nats-base-client/authenticator.ts": "3c374eebdb4b98dda6909efae49380cad1ed7841f6d87cf09838f8427186ae82",
    "https://raw.githubusercontent.com/nats-io/nats.deno/v1.7.0-rc/nats-base-client/databuffer.ts": "8790bff9d44e494aeda04d12254bc8c5e6218e47d2747d2ed793ce11f6725878",
    "https://raw.githubusercontent.com/nats-io/nats.deno/v1.7.0-rc/nats-base-client/denobuffer.ts": "83686bd747953167824694a3f4882ed7134a4fe70b3af89b65b41c284bc0c06a",
    "https://raw.githubusercontent.com/nats-io/nats.deno/v1.7.0-rc/nats-base-client/encoders.ts": "af6cb8be55541f934c7048a611e9d1af306093edfe32cd33977f005ebde65d70",
    "https://raw.githubusercontent.com/nats-io/nats.deno/v1.7.0-rc/nats-base-client/error.ts": "7e981d8c1bf809bbae2c546d606bcc6360cc2b81a7bec38c3e40d2ca23dc254a",
    "https://raw.githubusercontent.com/nats-io/nats.deno/v1.7.0-rc/nats-base-client/headers.ts": "701fb1ef154e6b3c80ff7ab28b2749a47892387a2d58617c4644cd2f79ba1426",
    "https://raw.githubusercontent.com/nats-io/nats.deno/v1.7.0-rc/nats-base-client/heartbeats.ts": "d5cca54532f4280437263f54288c0cdf5cc17263ed5799db73b7bee6b5549532",
    "https://raw.githubusercontent.com/nats-io/nats.deno/v1.7.0-rc/nats-base-client/ipparser.ts": "db10fcd1a426c64005f7da369393e8fb8cd7427ad6c8eb8e35d21da07e74e8dc",
    "https://raw.githubusercontent.com/nats-io/nats.deno/v1.7.0-rc/nats-base-client/msg.ts": "2601ce45f26ece01ae3665f13caaf4938980ed0ff92a478d5d189a1ee5be2af6",
    "https://raw.githubusercontent.com/nats-io/nats.deno/v1.7.0-rc/nats-base-client/muxsubscription.ts": "d2e4c11de939d92b3f9eb7e4c8904b70eba69d1b901f8941a746eb491aac2245",
    "https://raw.githubusercontent.com/nats-io/nats.deno/v1.7.0-rc/nats-base-client/nkeys.ts": "141adac56625de2c17cf2d8e19222242c11e6164264d39d691197f200e1ffdfe",
    "https://raw.githubusercontent.com/nats-io/nats.deno/v1.7.0-rc/nats-base-client/nuid.ts": "c7c5b74e9b1fdf1928b0ab639036f305bad7273375cc2a7b621aed8b65d5831e",
    "https://raw.githubusercontent.com/nats-io/nats.deno/v1.7.0-rc/nats-base-client/parser.ts": "1fb5b9cd07be194ff8c93ee531e04e0b1d03da76001f3268e87599cc1edabe1b",
    "https://raw.githubusercontent.com/nats-io/nats.deno/v1.7.0-rc/nats-base-client/protocol.ts": "af8faa38b712e1b5fe9025345ac90f7f777fef9a1ea31211f931d3dfbb20f747",
    "https://raw.githubusercontent.com/nats-io/nats.deno/v1.7.0-rc/nats-base-client/queued_iterator.ts": "36089259accfe565604213ab008e754cf73296668787bf4d47c0ced57b718ea4",
    "https://raw.githubusercontent.com/nats-io/nats.deno/v1.7.0-rc/nats-base-client/request.ts": "46d90f941bfe329a1c1e9cb45aec8cd4f5c111bb737e5f42f798a970258592b1",
    "https://raw.githubusercontent.com/nats-io/nats.deno/v1.7.0-rc/nats-base-client/servers.ts": "98146bad6b26f73f1d536e18d2a6557df96b8f4f5f154d1d1912be97eb1021f2",
    "https://raw.githubusercontent.com/nats-io/nats.deno/v1.7.0-rc/nats-base-client/subscription.ts": "64327b5923fba83a7e6935cdf5d57c95125d3b0e0119166d7fb08e5c7cb659a3",
    "https://raw.githubusercontent.com/nats-io/nats.deno/v1.7.0-rc/nats-base-client/subscriptions.ts": "b8b8ce68926758047696b7d93595ed65ed50375fabf1ec9698e0cb8b878c3b8a",
    "https://raw.githubusercontent.com/nats-io/nats.deno/v1.7.0-rc/nats-base-client/transport.ts": "678b5f3af08953a67653983dbfde5120e884058c3803099cff0cc21d896b7c7c",
    "https://raw.githubusercontent.com/nats-io/nats.deno/v1.7.0-rc/nats-base-client/typedsub.ts": "7f7363c9de53ee12e607734e6598fb6a49fb94f64f7f6f54406a67fd030490ea",
    "https://raw.githubusercontent.com/nats-io/nats.deno/v1.7.0-rc/nats-base-client/types.ts": "1b9cee02cd2cccc1b7c9c97790d1cc477e3d2aca20f1cff21bf5e688d4684cc2",
    "https://raw.githubusercontent.com/nats-io/nats.deno/v1.7.0-rc/nats-base-client/util.ts": "d159c7be7fa33954fc902b94975e5de7a32cf17eb232ab46cce2fab9829329ae",
    "https://raw.githubusercontent.com/nats-io/nkeys.js/v1.0.0-9/modules/esm/deps.ts": "3725ff47ec15845c1894ee7f34bc9e4433d9875bf4ed71ba93f306ea29f68bec",
    "https://raw.githubusercontent.com/nats-io/nkeys.js/v1.0.0-9/modules/esm/mod.ts": "1123160774b771f2d5ee8135e5a1efea21a656688e2e0c707c6232faf5e9802d",
    "https://raw.githubusercontent.com/nats-io/nkeys.js/v1.0.0-9/src/base32.ts": "07cbfd2551cf1ef4e45784058f7583495354a167c17a75b6cbdbf6b11d91c235",
    "https://raw.githubusercontent.com/nats-io/nkeys.js/v1.0.0-9/src/codec.ts": "23a574d4c7e4059c503992d6cb8ab0aa5c518f52848c4599ce04049a75f8e8ee",
    "https://raw.githubusercontent.com/nats-io/nkeys.js/v1.0.0-9/src/crc16.ts": "0290d486579668a79602cef211a28038630e685147e8ddf79b32ff41a871cfdd",
    "https://raw.githubusercontent.com/nats-io/nkeys.js/v1.0.0-9/src/helper.ts": "8c4121b879ac5d0d4e05b227e15a7e29057642282f020d49de36ca3c33b7d1ed",
    "https://raw.githubusercontent.com/nats-io/nkeys.js/v1.0.0-9/src/kp.ts": "360259ef2bea8ee65c8fce04efb4b5aaff14382d155c0668c131d959ef9098bb",
    "https://raw.githubusercontent.com/nats-io/nkeys.js/v1.0.0-9/src/mod.ts": "467181195143688f969a8d1f106e4d5064116d4736a77347f681c2a6c010ede4",
    "https://raw.githubusercontent.com/nats-io/nkeys.js/v1.0.0-9/src/nkeys.ts": "2f4f682fe7ad702bc095a5ec24dfad31ab4ee807b2c1cd2c3ceb6edb6e5daf3b",
    "https://raw.githubusercontent.com/nats-io/nkeys.js/v1.0.0-9/src/public.ts": "b5c893dad5ec139296bcaec6ea11ab4cb06da4f6978e05ff9c37f7d17a7c6101",
    "https://raw.githubusercontent.com/nats-io/nkeys.js/v1.0.0-9/src/util.ts": "96c4c8f707ef6aaa00c23527d0a7b935efe1df3dd94e6d40707e37c5e0f14e27",
    "https://raw.githubusercontent.com/nats-io/nkeys.js/v1.0.5/modules/esm/deps.ts": "38d8dcfc3ca0b7429532477127719affa0da04824610e2a1069f9f935032894f",
    "https://raw.githubusercontent.com/nats-io/nkeys.js/v1.0.5/modules/esm/mod.ts": "43c3fbbad0244dde7ae229e778dbefba7f28955a7ff5257d4ed1635b5576fb31",
    "https://raw.githubusercontent.com/nats-io/nkeys.js/v1.0.5/modules/esm/nacl.js": "251e4ffcd6d2c56c7773bcf8c1549e9c07b32adb7a2156908a04930a52e614de",
    "https://raw.githubusercontent.com/nats-io/nkeys.js/v1.0.5/src/base32.ts": "07cbfd2551cf1ef4e45784058f7583495354a167c17a75b6cbdbf6b11d91c235",
    "https://raw.githubusercontent.com/nats-io/nkeys.js/v1.0.5/src/codec.ts": "23a574d4c7e4059c503992d6cb8ab0aa5c518f52848c4599ce04049a75f8e8ee",
    "https://raw.githubusercontent.com/nats-io/nkeys.js/v1.0.5/src/crc16.ts": "0290d486579668a79602cef211a28038630e685147e8ddf79b32ff41a871cfdd",
    "https://raw.githubusercontent.com/nats-io/nkeys.js/v1.0.5/src/helper.ts": "8c4121b879ac5d0d4e05b227e15a7e29057642282f020d49de36ca3c33b7d1ed",
    "https://raw.githubusercontent.com/nats-io/nkeys.js/v1.0.5/src/kp.ts": "360259ef2bea8ee65c8fce04efb4b5aaff14382d155c0668c131d959ef9098bb",
    "https://raw.githubusercontent.com/nats-io/nkeys.js/v1.0.5/src/mod.ts": "f5e34c0c7ca8113aa4979986c08096eb9c0f10ae016c0f586450059965f8ac51",
    "https://raw.githubusercontent.com/nats-io/nkeys.js/v1.0.5/src/nkeys.ts": "fb9a94df62f574be40709a32d405a2727c0e9b5516c4c62b4eb6954cb250aa1c",
    "https://raw.githubusercontent.com/nats-io/nkeys.js/v1.0.5/src/public.ts": "b5c893dad5ec139296bcaec6ea11ab4cb06da4f6978e05ff9c37f7d17a7c6101",
    "https://raw.githubusercontent.com/nats-io/nkeys.js/v1.0.5/src/util.ts": "96c4c8f707ef6aaa00c23527d0a7b935efe1df3dd94e6d40707e37c5e0f14e27"
  }
}
